{
    "name": "log-tonic-demo",
    "version": "1.0.0",
    "lockfileVersion": 3,
    "requires": true,
    "packages": {
        "": {
            "name": "log-tonic-demo",
            "version": "1.0.0",
            "dependencies": {
                "log-tonic": "file:../../"
            }
        },
        "../..": {
            "version": "1.0.1",
            "license": "Apache-2.0",
            "dependencies": {
                "date-fns": "^3.6.0"
            },
            "devDependencies": {
                "typescript": "^5.5.4"
            }
        },
        "node_modules/log-tonic": {
            "resolved": "../..",
            "link": true
        }
    }
}
